// !$*UTF8*$!
{
	archiveVersion = 1;
	classes = {
	};
	objectVersion = 46;
	objects = {

/* Begin PBXBuildFile section */
		0D15D4641D1398FF00D1BBCF /* BinaryTreeNode.c in Sources */ = {isa = PBXBuildFile; fileRef = 0D15D4621D1398FF00D1BBCF /* BinaryTreeNode.c */; };
		0D4A69CE1D124F7F00930FFC /* main.m in Sources */ = {isa = PBXBuildFile; fileRef = 0D4A69CD1D124F7F00930FFC /* main.m */; };
		0D4A69D91D127AA200930FFC /* LinkedList.c in Sources */ = {isa = PBXBuildFile; fileRef = 0D4A69D71D127AA200930FFC /* LinkedList.c */; };
		0D51C3CA1D1795BD0063FDC7 /* Queue.c in Sources */ = {isa = PBXBuildFile; fileRef = 0D51C3C81D1795BD0063FDC7 /* Queue.c */; };
/* End PBXBuildFile section */

/* Begin PBXCopyFilesBuildPhase section */
		0D4A69C81D124F7F00930FFC /* CopyFiles */ = {
			isa = PBXCopyFilesBuildPhase;
			buildActionMask = 2147483647;
			dstPath = /usr/share/man/man1/;
			dstSubfolderSpec = 0;
			files = (
			);
			runOnlyForDeploymentPostprocessing = 1;
		};
/* End PBXCopyFilesBuildPhase section */

/* Begin PBXFileReference section */
		0D15D4621D1398FF00D1BBCF /* BinaryTreeNode.c */ = {isa = PBXFileReference; fileEncoding = 4; lastKnownFileType = sourcecode.c.c; path = BinaryTreeNode.c; sourceTree = "<group>"; };
		0D15D4631D1398FF00D1BBCF /* BinaryTreeNode.h */ = {isa = PBXFileReference; fileEncoding = 4; lastKnownFileType = sourcecode.c.h; path = BinaryTreeNode.h; sourceTree = "<group>"; };
		0D4A69CA1D124F7F00930FFC /* GoalOffer */ = {isa = PBXFileReference; explicitFileType = "compiled.mach-o.executable"; includeInIndex = 0; path = GoalOffer; sourceTree = BUILT_PRODUCTS_DIR; };
		0D4A69CD1D124F7F00930FFC /* main.m */ = {isa = PBXFileReference; lastKnownFileType = sourcecode.c.objc; path = main.m; sourceTree = "<group>"; };
		0D4A69D71D127AA200930FFC /* LinkedList.c */ = {isa = PBXFileReference; fileEncoding = 4; lastKnownFileType = sourcecode.c.c; path = LinkedList.c; sourceTree = "<group>"; };
		0D4A69D81D127AA200930FFC /* LinkedList.h */ = {isa = PBXFileReference; fileEncoding = 4; lastKnownFileType = sourcecode.c.h; path = LinkedList.h; sourceTree = "<group>"; };
		0D51C3C81D1795BD0063FDC7 /* Queue.c */ = {isa = PBXFileReference; fileEncoding = 4; lastKnownFileType = sourcecode.c.c; path = Queue.c; sourceTree = "<group>"; };
		0D51C3C91D1795BD0063FDC7 /* Queue.h */ = {isa = PBXFileReference; fileEncoding = 4; lastKnownFileType = sourcecode.c.h; path = Queue.h; sourceTree = "<group>"; };
/* End PBXFileReference section */

/* Begin PBXFrameworksBuildPhase section */
		0D4A69C71D124F7F00930FFC /* Frameworks */ = {
			isa = PBXFrameworksBuildPhase;
			buildActionMask = 2147483647;
			files = (
			);
			runOnlyForDeploymentPostprocessing = 0;
		};
/* End PBXFrameworksBuildPhase section */

/* Begin PBXGroup section */
		0D4A69C11D124F7F00930FFC = {
			isa = PBXGroup;
			children = (
				0D4A69CC1D124F7F00930FFC /* GoalOffer */,
				0D4A69CB1D124F7F00930FFC /* Products */,
			);
			sourceTree = "<group>";
		};
		0D4A69CB1D124F7F00930FFC /* Products */ = {
			isa = PBXGroup;
			children = (
				0D4A69CA1D124F7F00930FFC /* GoalOffer */,
			);
			name = Products;
			sourceTree = "<group>";
		};
		0D4A69CC1D124F7F00930FFC /* GoalOffer */ = {
			isa = PBXGroup;
			children = (
				0D4A69CD1D124F7F00930FFC /* main.m */,
				0D4A69D81D127AA200930FFC /* LinkedList.h */,
				0D4A69D71D127AA200930FFC /* LinkedList.c */,
				0D15D4621D1398FF00D1BBCF /* BinaryTreeNode.c */,
				0D15D4631D1398FF00D1BBCF /* BinaryTreeNode.h */,
				0D51C3C81D1795BD0063FDC7 /* Queue.c */,
				0D51C3C91D1795BD0063FDC7 /* Queue.h */,
			);
			path = GoalOffer;
			sourceTree = "<group>";
		};
/* End PBXGroup section */

/* Begin PBXNativeTarget section */
		0D4A69C91D124F7F00930FFC /* GoalOffer */ = {
			isa = PBXNativeTarget;
			buildConfigurationList = 0D4A69D11D124F7F00930FFC /* Build configuration list for PBXNativeTarget "GoalOffer" */;
			buildPhases = (
				0D4A69C61D124F7F00930FFC /* Sources */,
				0D4A69C71D124F7F00930FFC /* Frameworks */,
				0D4A69C81D124F7F00930FFC /* CopyFiles */,
			);
			buildRules = (
			);
			dependencies = (
			);
			name = GoalOffer;
			productName = GoalOffer;
			productReference = 0D4A69CA1D124F7F00930FFC /* GoalOffer */;
			productType = "com.apple.product-type.tool";
		};
/* End PBXNativeTarget section */

/* Begin PBXProject section */
		0D4A69C21D124F7F00930FFC /* Project object */ = {
			isa = PBXProject;
			attributes = {
				LastUpgradeCheck = 0710;
				ORGANIZATIONNAME = NIEHAILI;
				TargetAttributes = {
					0D4A69C91D124F7F00930FFC = {
						CreatedOnToolsVersion = 7.1.1;
					};
				};
			};
			buildConfigurationList = 0D4A69C51D124F7F00930FFC /* Build configuration list for PBXProject "GoalOffer" */;
			compatibilityVersion = "Xcode 3.2";
			developmentRegion = English;
			hasScannedForEncodings = 0;
			knownRegions = (
				en,
			);
			mainGroup = 0D4A69C11D124F7F00930FFC;
			productRefGroup = 0D4A69CB1D124F7F00930FFC /* Products */;
			projectDirPath = "";
			projectRoot = "";
			targets = (
				0D4A69C91D124F7F00930FFC /* GoalOffer */,
			);
		};
/* End PBXProject section */

/* Begin PBXSourcesBuildPhase section */
		0D4A69C61D124F7F00930FFC /* Sources */ = {
			isa = PBXSourcesBuildPhase;
			buildActionMask = 2147483647;
			files = (
				0D4A69D91D127AA200930FFC /* LinkedList.c in Sources */,
				0D51C3CA1D1795BD0063FDC7 /* Queue.c in Sources */,
				0D4A69CE1D124F7F00930FFC /* main.m in Sources */,
				0D15D4641D1398FF00D1BBCF /* BinaryTreeNode.c in Sources */,
			);
			runOnlyForDeploymentPostprocessing = 0;
		};
/* End PBXSourcesBuildPhase section */

/* Begin XCBuildConfiguration section */
		0D4A69CF1D124F7F00930FFC /* Debug */ = {
			isa = XCBuildConfiguration;
			buildSettings = {
				ALWAYS_SEARCH_USER_PATHS = NO;
				CLANG_CXX_LANGUAGE_STANDARD = "gnu++0x";
				CLANG_CXX_LIBRARY = "libc++";
				CLANG_ENABLE_MODULES = YES;
				CLANG_ENABLE_OBJC_ARC = YES;
				CLANG_WARN_BOOL_CONVERSION = YES;
				CLANG_WARN_CONSTANT_CONVERSION = YES;
				CLANG_WARN_DIRECT_OBJC_ISA_USAGE = YES_ERROR;
				CLANG_WARN_EMPTY_BODY = YES;
				CLANG_WARN_ENUM_CONVERSION = YES;
				CLANG_WARN_INT_CONVERSION = YES;
				CLANG_WARN_OBJC_ROOT_CLASS = YES_ERROR;
				CLANG_WARN_UNREACHABLE_CODE = YES;
				CLANG_WARN__DUPLICATE_METHOD_MATCH = YES;
				CODE_SIGN_IDENTITY = "-";
				COPY_PHASE_STRIP = NO;
				DEBUG_INFORMATION_FORMAT = dwarf;
				ENABLE_STRICT_OBJC_MSGSEND = YES;
				ENABLE_TESTABILITY = YES;
				GCC_C_LANGUAGE_STANDARD = gnu99;
				GCC_DYNAMIC_NO_PIC = NO;
				GCC_NO_COMMON_BLOCKS = YES;
				GCC_OPTIMIZATION_LEVEL = 0;
				GCC_PREPROCESSOR_DEFINITIONS = (
					"DEBUG=1",
					"$(inherited)",
				);
				GCC_WARN_64_TO_32_BIT_CONVERSION = YES;
				GCC_WARN_ABOUT_RETURN_TYPE = YES_ERROR;
				GCC_WARN_UNDECLARED_SELECTOR = YES;
				GCC_WARN_UNINITIALIZED_AUTOS = YES_AGGRESSIVE;
				GCC_WARN_UNUSED_FUNCTION = YES;
				GCC_WARN_UNUSED_VARIABLE = YES;
				MACOSX_DEPLOYMENT_TARGET = 10.11;
				MTL_ENABLE_DEBUG_INFO = YES;
				ONLY_ACTIVE_ARCH = YES;
				SDKROOT = macosx;
			};
			name = Debug;
		};
		0D4A69D01D124F7F00930FFC /* Release */ = {
			isa = XCBuildConfiguration;
			buildSettings = {
				ALWAYS_SEARCH_USER_PATHS = NO;
				CLANG_CXX_LANGUAGE_STANDARD = "gnu++0x";
				CLANG_CXX_LIBRARY = "libc++";
				CLANG_ENABLE_MODULES = YES;
				CLANG_ENABLE_OBJC_ARC = YES;
				CLANG_WARN_BOOL_CONVERSION = YES;
				CLANG_WARN_CONSTANT_CONVERSION = YES;
				CLANG_WARN_DIRECT_OBJC_ISA_USAGE = YES_ERROR;
				CLANG_WARN_EMPTY_BODY = YES;
				CLANG_WARN_ENUM_CONVERSION = YES;
				CLANG_WARN_INT_CONVERSION = YES;
				CLANG_WARN_OBJC_ROOT_CLASS = YES_ERROR;
				CLANG_WARN_UNREACHABLE_CODE = YES;
				CLANG_WARN__DUPLICATE_METHOD_MATCH = YES;
				CODE_SIGN_IDENTITY = "-";
				COPY_PHASE_STRIP = NO;
				DEBUG_INFORMATION_FORMAT = "dwarf-with-dsym";
				ENABLE_NS_ASSERTIONS = NO;
				ENABLE_STRICT_OBJC_MSGSEND = YES;
				GCC_C_LANGUAGE_STANDARD = gnu99;
				GCC_NO_COMMON_BLOCKS = YES;
				GCC_WARN_64_TO_32_BIT_CONVERSION = YES;
				GCC_WARN_ABOUT_RETURN_TYPE = YES_ERROR;
				GCC_WARN_UNDECLARED_SELECTOR = YES;
				GCC_WARN_UNINITIALIZED_AUTOS = YES_AGGRESSIVE;
				GCC_WARN_UNUSED_FUNCTION = YES;
				GCC_WARN_UNUSED_VARIABLE = YES;
				MACOSX_DEPLOYMENT_TARGET = 10.11;
				MTL_ENABLE_DEBUG_INFO = NO;
				SDKROOT = macosx;
			};
			name = Release;
		};
		0D4A69D21D124F7F00930FFC /* Debug */ = {
			isa = XCBuildConfiguration;
			buildSettings = {
				PRODUCT_NAME = "$(TARGET_NAME)";
			};
			name = Debug;
		};
		0D4A69D31D124F7F00930FFC /* Release */ = {
			isa = XCBuildConfiguration;
			buildSettings = {
				PRODUCT_NAME = "$(TARGET_NAME)";
			};
			name = Release;
		};
/* End XCBuildConfiguration section */

/* Begin XCConfigurationList section */
		0D4A69C51D124F7F00930FFC /* Build configuration list for PBXProject "GoalOffer" */ = {
			isa = XCConfigurationList;
			buildConfigurations = (
				0D4A69CF1D124F7F00930FFC /* Debug */,
				0D4A69D01D124F7F00930FFC /* Release */,
			);
			defaultConfigurationIsVisible = 0;
			defaultConfigurationName = Release;
		};
		0D4A69D11D124F7F00930FFC /* Build configuration list for PBXNativeTarget "GoalOffer" */ = {
			isa = XCConfigurationList;
			buildConfigurations = (
				0D4A69D21D124F7F00930FFC /* Debug */,
				0D4A69D31D124F7F00930FFC /* Release */,
			);
			defaultConfigurationIsVisible = 0;
			defaultConfigurationName = Release;
		};
/* End XCConfigurationList section */
	};
	rootObject = 0D4A69C21D124F7F00930FFC /* Project object */;
}
